// !$*UTF8*$!
{
	archiveVersion = 1;
	classes = {
	};
	objectVersion = 50;
	objects = {

/* Begin PBXBuildFile section */
		517041FB24B2D48E00760C77 /* AppDelegate.swift in Sources */ = {isa = PBXBuildFile; fileRef = 517041FA24B2D48E00760C77 /* AppDelegate.swift */; };
		517041FD24B2D48E00760C77 /* SceneDelegate.swift in Sources */ = {isa = PBXBuildFile; fileRef = 517041FC24B2D48E00760C77 /* SceneDelegate.swift */; };
		517041FF24B2D48E00760C77 /* ContentView.swift in Sources */ = {isa = PBXBuildFile; fileRef = 517041FE24B2D48E00760C77 /* ContentView.swift */; };
		5170420124B2D49100760C77 /* Assets.xcassets in Resources */ = {isa = PBXBuildFile; fileRef = 5170420024B2D49100760C77 /* Assets.xcassets */; };
		5170420424B2D49100760C77 /* Preview Assets.xcassets in Resources */ = {isa = PBXBuildFile; fileRef = 5170420324B2D49100760C77 /* Preview Assets.xcassets */; };
		5170420724B2D49100760C77 /* LaunchScreen.storyboard in Resources */ = {isa = PBXBuildFile; fileRef = 5170420524B2D49100760C77 /* LaunchScreen.storyboard */; };
		5170421224B2D49100760C77 /* Calculator_SwiftUITests.swift in Sources */ = {isa = PBXBuildFile; fileRef = 5170421124B2D49100760C77 /* Calculator_SwiftUITests.swift */; };
		5170421D24B2D49100760C77 /* Calculator_SwiftUIUITests.swift in Sources */ = {isa = PBXBuildFile; fileRef = 5170421C24B2D49100760C77 /* Calculator_SwiftUIUITests.swift */; };
/* End PBXBuildFile section */

/* Begin PBXContainerItemProxy section */
		5170420E24B2D49100760C77 /* PBXContainerItemProxy */ = {
			isa = PBXContainerItemProxy;
			containerPortal = 517041EF24B2D48E00760C77 /* Project object */;
			proxyType = 1;
			remoteGlobalIDString = 517041F624B2D48E00760C77;
			remoteInfo = "Calculator SwiftUI";
		};
		5170421924B2D49100760C77 /* PBXContainerItemProxy */ = {
			isa = PBXContainerItemProxy;
			containerPortal = 517041EF24B2D48E00760C77 /* Project object */;
			proxyType = 1;
			remoteGlobalIDString = 517041F624B2D48E00760C77;
			remoteInfo = "Calculator SwiftUI";
		};
/* End PBXContainerItemProxy section */

/* Begin PBXFileReference section */
		517041F724B2D48E00760C77 /* Calculator SwiftUI.app */ = {isa = PBXFileReference; explicitFileType = wrapper.application; includeInIndex = 0; path = "Calculator SwiftUI.app"; sourceTree = BUILT_PRODUCTS_DIR; };
		517041FA24B2D48E00760C77 /* AppDelegate.swift */ = {isa = PBXFileReference; lastKnownFileType = sourcecode.swift; path = AppDelegate.swift; sourceTree = "<group>"; };
		517041FC24B2D48E00760C77 /* SceneDelegate.swift */ = {isa = PBXFileReference; lastKnownFileType = sourcecode.swift; path = SceneDelegate.swift; sourceTree = "<group>"; };
		517041FE24B2D48E00760C77 /* ContentView.swift */ = {isa = PBXFileReference; lastKnownFileType = sourcecode.swift; path = ContentView.swift; sourceTree = "<group>"; };
		5170420024B2D49100760C77 /* Assets.xcassets */ = {isa = PBXFileReference; lastKnownFileType = folder.assetcatalog; path = Assets.xcassets; sourceTree = "<group>"; };
		5170420324B2D49100760C77 /* Preview Assets.xcassets */ = {isa = PBXFileReference; lastKnownFileType = folder.assetcatalog; path = "Preview Assets.xcassets"; sourceTree = "<group>"; };
		5170420624B2D49100760C77 /* Base */ = {isa = PBXFileReference; lastKnownFileType = file.storyboard; name = Base; path = Base.lproj/LaunchScreen.storyboard; sourceTree = "<group>"; };
		5170420824B2D49100760C77 /* Info.plist */ = {isa = PBXFileReference; lastKnownFileType = text.plist.xml; path = Info.plist; sourceTree = "<group>"; };
		5170420D24B2D49100760C77 /* Calculator SwiftUITests.xctest */ = {isa = PBXFileReference; explicitFileType = wrapper.cfbundle; includeInIndex = 0; path = "Calculator SwiftUITests.xctest"; sourceTree = BUILT_PRODUCTS_DIR; };
		5170421124B2D49100760C77 /* Calculator_SwiftUITests.swift */ = {isa = PBXFileReference; lastKnownFileType = sourcecode.swift; path = Calculator_SwiftUITests.swift; sourceTree = "<group>"; };
		5170421324B2D49100760C77 /* Info.plist */ = {isa = PBXFileReference; lastKnownFileType = text.plist.xml; path = Info.plist; sourceTree = "<group>"; };
		5170421824B2D49100760C77 /* Calculator SwiftUIUITests.xctest */ = {isa = PBXFileReference; explicitFileType = wrapper.cfbundle; includeInIndex = 0; path = "Calculator SwiftUIUITests.xctest"; sourceTree = BUILT_PRODUCTS_DIR; };
		5170421C24B2D49100760C77 /* Calculator_SwiftUIUITests.swift */ = {isa = PBXFileReference; lastKnownFileType = sourcecode.swift; path = Calculator_SwiftUIUITests.swift; sourceTree = "<group>"; };
		5170421E24B2D49100760C77 /* Info.plist */ = {isa = PBXFileReference; lastKnownFileType = text.plist.xml; path = Info.plist; sourceTree = "<group>"; };
/* End PBXFileReference section */

/* Begin PBXFrameworksBuildPhase section */
		517041F424B2D48E00760C77 /* Frameworks */ = {
			isa = PBXFrameworksBuildPhase;
			buildActionMask = 2147483647;
			files = (
			);
			runOnlyForDeploymentPostprocessing = 0;
		};
		5170420A24B2D49100760C77 /* Frameworks */ = {
			isa = PBXFrameworksBuildPhase;
			buildActionMask = 2147483647;
			files = (
			);
			runOnlyForDeploymentPostprocessing = 0;
		};
		5170421524B2D49100760C77 /* Frameworks */ = {
			isa = PBXFrameworksBuildPhase;
			buildActionMask = 2147483647;
			files = (
			);
			runOnlyForDeploymentPostprocessing = 0;
		};
/* End PBXFrameworksBuildPhase section */

/* Begin PBXGroup section */
		517041EE24B2D48E00760C77 = {
			isa = PBXGroup;
			children = (
				517041F924B2D48E00760C77 /* Calculator SwiftUI */,
				5170421024B2D49100760C77 /* Calculator SwiftUITests */,
				5170421B24B2D49100760C77 /* Calculator SwiftUIUITests */,
				517041F824B2D48E00760C77 /* Products */,
			);
			sourceTree = "<group>";
		};
		517041F824B2D48E00760C77 /* Products */ = {
			isa = PBXGroup;
			children = (
				517041F724B2D48E00760C77 /* Calculator SwiftUI.app */,
				5170420D24B2D49100760C77 /* Calculator SwiftUITests.xctest */,
				5170421824B2D49100760C77 /* Calculator SwiftUIUITests.xctest */,
			);
			name = Products;
			sourceTree = "<group>";
		};
		517041F924B2D48E00760C77 /* Calculator SwiftUI */ = {
			isa = PBXGroup;
			children = (
				517041FA24B2D48E00760C77 /* AppDelegate.swift */,
				517041FC24B2D48E00760C77 /* SceneDelegate.swift */,
				517041FE24B2D48E00760C77 /* ContentView.swift */,
				5170420024B2D49100760C77 /* Assets.xcassets */,
				5170420524B2D49100760C77 /* LaunchScreen.storyboard */,
				5170420824B2D49100760C77 /* Info.plist */,
				5170420224B2D49100760C77 /* Preview Content */,
			);
			path = "Calculator SwiftUI";
			sourceTree = "<group>";
		};
		5170420224B2D49100760C77 /* Preview Content */ = {
			isa = PBXGroup;
			children = (
				5170420324B2D49100760C77 /* Preview Assets.xcassets */,
			);
			path = "Preview Content";
			sourceTree = "<group>";
		};
		5170421024B2D49100760C77 /* Calculator SwiftUITests */ = {
			isa = PBXGroup;
			children = (
				5170421124B2D49100760C77 /* Calculator_SwiftUITests.swift */,
				5170421324B2D49100760C77 /* Info.plist */,
			);
			path = "Calculator SwiftUITests";
			sourceTree = "<group>";
		};
		5170421B24B2D49100760C77 /* Calculator SwiftUIUITests */ = {
			isa = PBXGroup;
			children = (
				5170421C24B2D49100760C77 /* Calculator_SwiftUIUITests.swift */,
				5170421E24B2D49100760C77 /* Info.plist */,
			);
			path = "Calculator SwiftUIUITests";
			sourceTree = "<group>";
		};
/* End PBXGroup section */

/* Begin PBXNativeTarget section */
		517041F624B2D48E00760C77 /* Calculator SwiftUI */ = {
			isa = PBXNativeTarget;
			buildConfigurationList = 5170422124B2D49100760C77 /* Build configuration list for PBXNativeTarget "Calculator SwiftUI" */;
			buildPhases = (
				517041F324B2D48E00760C77 /* Sources */,
				517041F424B2D48E00760C77 /* Frameworks */,
				517041F524B2D48E00760C77 /* Resources */,
			);
			buildRules = (
			);
			dependencies = (
			);
			name = "Calculator SwiftUI";
			productName = "Calculator SwiftUI";
			productReference = 517041F724B2D48E00760C77 /* Calculator SwiftUI.app */;
			productType = "com.apple.product-type.application";
		};
		5170420C24B2D49100760C77 /* Calculator SwiftUITests */ = {
			isa = PBXNativeTarget;
			buildConfigurationList = 5170422424B2D49100760C77 /* Build configuration list for PBXNativeTarget "Calculator SwiftUITests" */;
			buildPhases = (
				5170420924B2D49100760C77 /* Sources */,
				5170420A24B2D49100760C77 /* Frameworks */,
				5170420B24B2D49100760C77 /* Resources */,
			);
			buildRules = (
			);
			dependencies = (
				5170420F24B2D49100760C77 /* PBXTargetDependency */,
			);
			name = "Calculator SwiftUITests";
			productName = "Calculator SwiftUITests";
			productReference = 5170420D24B2D49100760C77 /* Calculator SwiftUITests.xctest */;
			productType = "com.apple.product-type.bundle.unit-test";
		};
		5170421724B2D49100760C77 /* Calculator SwiftUIUITests */ = {
			isa = PBXNativeTarget;
			buildConfigurationList = 5170422724B2D49100760C77 /* Build configuration list for PBXNativeTarget "Calculator SwiftUIUITests" */;
			buildPhases = (
				5170421424B2D49100760C77 /* Sources */,
				5170421524B2D49100760C77 /* Frameworks */,
				5170421624B2D49100760C77 /* Resources */,
			);
			buildRules = (
			);
			dependencies = (
				5170421A24B2D49100760C77 /* PBXTargetDependency */,
			);
			name = "Calculator SwiftUIUITests";
			productName = "Calculator SwiftUIUITests";
			productReference = 5170421824B2D49100760C77 /* Calculator SwiftUIUITests.xctest */;
			productType = "com.apple.product-type.bundle.ui-testing";
		};
/* End PBXNativeTarget section */

/* Begin PBXProject section */
		517041EF24B2D48E00760C77 /* Project object */ = {
			isa = PBXProject;
			attributes = {
				LastSwiftUpdateCheck = 1150;
				LastUpgradeCheck = 1150;
				ORGANIZATIONNAME = DigitalCurry;
				TargetAttributes = {
					517041F624B2D48E00760C77 = {
						CreatedOnToolsVersion = 11.5;
					};
					5170420C24B2D49100760C77 = {
						CreatedOnToolsVersion = 11.5;
						TestTargetID = 517041F624B2D48E00760C77;
					};
					5170421724B2D49100760C77 = {
						CreatedOnToolsVersion = 11.5;
						TestTargetID = 517041F624B2D48E00760C77;
					};
				};
			};
			buildConfigurationList = 517041F224B2D48E00760C77 /* Build configuration list for PBXProject "Calculator SwiftUI" */;
			compatibilityVersion = "Xcode 9.3";
			developmentRegion = en;
			hasScannedForEncodings = 0;
			knownRegions = (
				en,
				Base,
			);
			mainGroup = 517041EE24B2D48E00760C77;
			productRefGroup = 517041F824B2D48E00760C77 /* Products */;
			projectDirPath = "";
			projectRoot = "";
			targets = (
				517041F624B2D48E00760C77 /* Calculator SwiftUI */,
				5170420C24B2D49100760C77 /* Calculator SwiftUITests */,
				5170421724B2D49100760C77 /* Calculator SwiftUIUITests */,
			);
		};
/* End PBXProject section */

/* Begin PBXResourcesBuildPhase section */
		517041F524B2D48E00760C77 /* Resources */ = {
			isa = PBXResourcesBuildPhase;
			buildActionMask = 2147483647;
			files = (
				5170420724B2D49100760C77 /* LaunchScreen.storyboard in Resources */,
				5170420424B2D49100760C77 /* Preview Assets.xcassets in Resources */,
				5170420124B2D49100760C77 /* Assets.xcassets in Resources */,
			);
			runOnlyForDeploymentPostprocessing = 0;
		};
		5170420B24B2D49100760C77 /* Resources */ = {
			isa = PBXResourcesBuildPhase;
			buildActionMask = 2147483647;
			files = (
			);
			runOnlyForDeploymentPostprocessing = 0;
		};
		5170421624B2D49100760C77 /* Resources */ = {
			isa = PBXResourcesBuildPhase;
			buildActionMask = 2147483647;
			files = (
			);
			runOnlyForDeploymentPostprocessing = 0;
		};
/* End PBXResourcesBuildPhase section */

/* Begin PBXSourcesBuildPhase section */
		517041F324B2D48E00760C77 /* Sources */ = {
			isa = PBXSourcesBuildPhase;
			buildActionMask = 2147483647;
			files = (
				517041FB24B2D48E00760C77 /* AppDelegate.swift in Sources */,
				517041FD24B2D48E00760C77 /* SceneDelegate.swift in Sources */,
				517041FF24B2D48E00760C77 /* ContentView.swift in Sources */,
			);
			runOnlyForDeploymentPostprocessing = 0;
		};
		5170420924B2D49100760C77 /* Sources */ = {
			isa = PBXSourcesBuildPhase;
			buildActionMask = 2147483647;
			files = (
				5170421224B2D49100760C77 /* Calculator_SwiftUITests.swift in Sources */,
			);
			runOnlyForDeploymentPostprocessing = 0;
		};
		5170421424B2D49100760C77 /* Sources */ = {
			isa = PBXSourcesBuildPhase;
			buildActionMask = 2147483647;
			files = (
				5170421D24B2D49100760C77 /* Calculator_SwiftUIUITests.swift in Sources */,
			);
			runOnlyForDeploymentPostprocessing = 0;
		};
/* End PBXSourcesBuildPhase section */

/* Begin PBXTargetDependency section */
		5170420F24B2D49100760C77 /* PBXTargetDependency */ = {
			isa = PBXTargetDependency;
			target = 517041F624B2D48E00760C77 /* Calculator SwiftUI */;
			targetProxy = 5170420E24B2D49100760C77 /* PBXContainerItemProxy */;
		};
		5170421A24B2D49100760C77 /* PBXTargetDependency */ = {
			isa = PBXTargetDependency;
			target = 517041F624B2D48E00760C77 /* Calculator SwiftUI */;
			targetProxy = 5170421924B2D49100760C77 /* PBXContainerItemProxy */;
		};
/* End PBXTargetDependency section */

/* Begin PBXVariantGroup section */
		5170420524B2D49100760C77 /* LaunchScreen.storyboard */ = {
			isa = PBXVariantGroup;
			children = (
				5170420624B2D49100760C77 /* Base */,
			);
			name = LaunchScreen.storyboard;
			sourceTree = "<group>";
		};
/* End PBXVariantGroup section */

/* Begin XCBuildConfiguration section */
		5170421F24B2D49100760C77 /* Debug */ = {
			isa = XCBuildConfiguration;
			buildSettings = {
				ALWAYS_SEARCH_USER_PATHS = NO;
				CLANG_ANALYZER_NONNULL = YES;
				CLANG_ANALYZER_NUMBER_OBJECT_CONVERSION = YES_AGGRESSIVE;
				CLANG_CXX_LANGUAGE_STANDARD = "gnu++14";
				CLANG_CXX_LIBRARY = "libc++";
				CLANG_ENABLE_MODULES = YES;
				CLANG_ENABLE_OBJC_ARC = YES;
				CLANG_ENABLE_OBJC_WEAK = YES;
				CLANG_WARN_BLOCK_CAPTURE_AUTORELEASING = YES;
				CLANG_WARN_BOOL_CONVERSION = YES;
				CLANG_WARN_COMMA = YES;
				CLANG_WARN_CONSTANT_CONVERSION = YES;
				CLANG_WARN_DEPRECATED_OBJC_IMPLEMENTATIONS = YES;
				CLANG_WARN_DIRECT_OBJC_ISA_USAGE = YES_ERROR;
				CLANG_WARN_DOCUMENTATION_COMMENTS = YES;
				CLANG_WARN_EMPTY_BODY = YES;
				CLANG_WARN_ENUM_CONVERSION = YES;
				CLANG_WARN_INFINITE_RECURSION = YES;
				CLANG_WARN_INT_CONVERSION = YES;
				CLANG_WARN_NON_LITERAL_NULL_CONVERSION = YES;
				CLANG_WARN_OBJC_IMPLICIT_RETAIN_SELF = YES;
				CLANG_WARN_OBJC_LITERAL_CONVERSION = YES;
				CLANG_WARN_OBJC_ROOT_CLASS = YES_ERROR;
				CLANG_WARN_RANGE_LOOP_ANALYSIS = YES;
				CLANG_WARN_STRICT_PROTOTYPES = YES;
				CLANG_WARN_SUSPICIOUS_MOVE = YES;
				CLANG_WARN_UNGUARDED_AVAILABILITY = YES_AGGRESSIVE;
				CLANG_WARN_UNREACHABLE_CODE = YES;
				CLANG_WARN__DUPLICATE_METHOD_MATCH = YES;
				COPY_PHASE_STRIP = NO;
				DEBUG_INFORMATION_FORMAT = dwarf;
				ENABLE_STRICT_OBJC_MSGSEND = YES;
				ENABLE_TESTABILITY = YES;
				GCC_C_LANGUAGE_STANDARD = gnu11;
				GCC_DYNAMIC_NO_PIC = NO;
				GCC_NO_COMMON_BLOCKS = YES;
				GCC_OPTIMIZATION_LEVEL = 0;
				GCC_PREPROCESSOR_DEFINITIONS = (
					"DEBUG=1",
					"$(inherited)",
				);
				GCC_WARN_64_TO_32_BIT_CONVERSION = YES;
				GCC_WARN_ABOUT_RETURN_TYPE = YES_ERROR;
				GCC_WARN_UNDECLARED_SELECTOR = YES;
				GCC_WARN_UNINITIALIZED_AUTOS = YES_AGGRESSIVE;
				GCC_WARN_UNUSED_FUNCTION = YES;
				GCC_WARN_UNUSED_VARIABLE = YES;
				IPHONEOS_DEPLOYMENT_TARGET = 13.5;
				MTL_ENABLE_DEBUG_INFO = INCLUDE_SOURCE;
				MTL_FAST_MATH = YES;
				ONLY_ACTIVE_ARCH = YES;
				SDKROOT = iphoneos;
				SWIFT_ACTIVE_COMPILATION_CONDITIONS = DEBUG;
				SWIFT_OPTIMIZATION_LEVEL = "-Onone";
			};
			name = Debug;
		};
		5170422024B2D49100760C77 /* Release */ = {
			isa = XCBuildConfiguration;
			buildSettings = {
				ALWAYS_SEARCH_USER_PATHS = NO;
				CLANG_ANALYZER_NONNULL = YES;
				CLANG_ANALYZER_NUMBER_OBJECT_CONVERSION = YES_AGGRESSIVE;
				CLANG_CXX_LANGUAGE_STANDARD = "gnu++14";
				CLANG_CXX_LIBRARY = "libc++";
				CLANG_ENABLE_MODULES = YES;
				CLANG_ENABLE_OBJC_ARC = YES;
				CLANG_ENABLE_OBJC_WEAK = YES;
				CLANG_WARN_BLOCK_CAPTURE_AUTORELEASING = YES;
				CLANG_WARN_BOOL_CONVERSION = YES;
				CLANG_WARN_COMMA = YES;
				CLANG_WARN_CONSTANT_CONVERSION = YES;
				CLANG_WARN_DEPRECATED_OBJC_IMPLEMENTATIONS = YES;
				CLANG_WARN_DIRECT_OBJC_ISA_USAGE = YES_ERROR;
				CLANG_WARN_DOCUMENTATION_COMMENTS = YES;
				CLANG_WARN_EMPTY_BODY = YES;
				CLANG_WARN_ENUM_CONVERSION = YES;
				CLANG_WARN_INFINITE_RECURSION = YES;
				CLANG_WARN_INT_CONVERSION = YES;
				CLANG_WARN_NON_LITERAL_NULL_CONVERSION = YES;
				CLANG_WARN_OBJC_IMPLICIT_RETAIN_SELF = YES;
				CLANG_WARN_OBJC_LITERAL_CONVERSION = YES;
				CLANG_WARN_OBJC_ROOT_CLASS = YES_ERROR;
				CLANG_WARN_RANGE_LOOP_ANALYSIS = YES;
				CLANG_WARN_STRICT_PROTOTYPES = YES;
				CLANG_WARN_SUSPICIOUS_MOVE = YES;
				CLANG_WARN_UNGUARDED_AVAILABILITY = YES_AGGRESSIVE;
				CLANG_WARN_UNREACHABLE_CODE = YES;
				CLANG_WARN__DUPLICATE_METHOD_MATCH = YES;
				COPY_PHASE_STRIP = NO;
				DEBUG_INFORMATION_FORMAT = "dwarf-with-dsym";
				ENABLE_NS_ASSERTIONS = NO;
				ENABLE_STRICT_OBJC_MSGSEND = YES;
				GCC_C_LANGUAGE_STANDARD = gnu11;
				GCC_NO_COMMON_BLOCKS = YES;
				GCC_WARN_64_TO_32_BIT_CONVERSION = YES;
				GCC_WARN_ABOUT_RETURN_TYPE = YES_ERROR;
				GCC_WARN_UNDECLARED_SELECTOR = YES;
				GCC_WARN_UNINITIALIZED_AUTOS = YES_AGGRESSIVE;
				GCC_WARN_UNUSED_FUNCTION = YES;
				GCC_WARN_UNUSED_VARIABLE = YES;
				IPHONEOS_DEPLOYMENT_TARGET = 13.5;
				MTL_ENABLE_DEBUG_INFO = NO;
				MTL_FAST_MATH = YES;
				SDKROOT = iphoneos;
				SWIFT_COMPILATION_MODE = wholemodule;
				SWIFT_OPTIMIZATION_LEVEL = "-O";
				VALIDATE_PRODUCT = YES;
			};
			name = Release;
		};
		5170422224B2D49100760C77 /* Debug */ = {
			isa = XCBuildConfiguration;
			buildSettings = {
				ASSETCATALOG_COMPILER_APPICON_NAME = AppIcon;
				CODE_SIGN_STYLE = Automatic;
				DEVELOPMENT_ASSET_PATHS = "\"Calculator SwiftUI/Preview Content\"";
				ENABLE_PREVIEWS = YES;
				INFOPLIST_FILE = "Calculator SwiftUI/Info.plist";
				LD_RUNPATH_SEARCH_PATHS = (
					"$(inherited)",
					"@executable_path/Frameworks",
				);
				PRODUCT_BUNDLE_IDENTIFIER = "studio.digitalcurry.Calculator-SwiftUI";
				PRODUCT_NAME = "$(TARGET_NAME)";
				SWIFT_VERSION = 5.0;
				TARGETED_DEVICE_FAMILY = "1,2";
			};
			name = Debug;
		};
		5170422324B2D49100760C77 /* Release */ = {
			isa = XCBuildConfiguration;
			buildSettings = {
				ASSETCATALOG_COMPILER_APPICON_NAME = AppIcon;
				CODE_SIGN_STYLE = Automatic;
				DEVELOPMENT_ASSET_PATHS = "\"Calculator SwiftUI/Preview Content\"";
				ENABLE_PREVIEWS = YES;
				INFOPLIST_FILE = "Calculator SwiftUI/Info.plist";
				LD_RUNPATH_SEARCH_PATHS = (
					"$(inherited)",
					"@executable_path/Frameworks",
				);
				PRODUCT_BUNDLE_IDENTIFIER = "studio.digitalcurry.Calculator-SwiftUI";
				PRODUCT_NAME = "$(TARGET_NAME)";
				SWIFT_VERSION = 5.0;
				TARGETED_DEVICE_FAMILY = "1,2";
			};
			name = Release;
		};
		5170422524B2D49100760C77 /* Debug */ = {
			isa = XCBuildConfiguration;
			buildSettings = {
				ALWAYS_EMBED_SWIFT_STANDARD_LIBRARIES = YES;
				BUNDLE_LOADER = "$(TEST_HOST)";
				CODE_SIGN_STYLE = Automatic;
				INFOPLIST_FILE = "Calculator SwiftUITests/Info.plist";
				IPHONEOS_DEPLOYMENT_TARGET = 13.5;
				LD_RUNPATH_SEARCH_PATHS = (
					"$(inherited)",
					"@executable_path/Frameworks",
					"@loader_path/Frameworks",
				);
				PRODUCT_BUNDLE_IDENTIFIER = "studio.digitalcurry.Calculator-SwiftUITests";
				PRODUCT_NAME = "$(TARGET_NAME)";
				SWIFT_VERSION = 5.0;
				TARGETED_DEVICE_FAMILY = "1,2";
				TEST_HOST = "$(BUILT_PRODUCTS_DIR)/Calculator SwiftUI.app/Calculator SwiftUI";
			};
			name = Debug;
		};
		5170422624B2D49100760C77 /* Release */ = {
			isa = XCBuildConfiguration;
			buildSettings = {
				ALWAYS_EMBED_SWIFT_STANDARD_LIBRARIES = YES;
				BUNDLE_LOADER = "$(TEST_HOST)";
				CODE_SIGN_STYLE = Automatic;
				INFOPLIST_FILE = "Calculator SwiftUITests/Info.plist";
				IPHONEOS_DEPLOYMENT_TARGET = 13.5;
				LD_RUNPATH_SEARCH_PATHS = (
					"$(inherited)",
					"@executable_path/Frameworks",
					"@loader_path/Frameworks",
				);
				PRODUCT_BUNDLE_IDENTIFIER = "studio.digitalcurry.Calculator-SwiftUITests";
				PRODUCT_NAME = "$(TARGET_NAME)";
				SWIFT_VERSION = 5.0;
				TARGETED_DEVICE_FAMILY = "1,2";
				TEST_HOST = "$(BUILT_PRODUCTS_DIR)/Calculator SwiftUI.app/Calculator SwiftUI";
			};
			name = Release;
		};
		5170422824B2D49100760C77 /* Debug */ = {
			isa = XCBuildConfiguration;
			buildSettings = {
				ALWAYS_EMBED_SWIFT_STANDARD_LIBRARIES = YES;
				CODE_SIGN_STYLE = Automatic;
				INFOPLIST_FILE = "Calculator SwiftUIUITests/Info.plist";
				LD_RUNPATH_SEARCH_PATHS = (
					"$(inherited)",
					"@executable_path/Frameworks",
					"@loader_path/Frameworks",
				);
				PRODUCT_BUNDLE_IDENTIFIER = "studio.digitalcurry.Calculator-SwiftUIUITests";
				PRODUCT_NAME = "$(TARGET_NAME)";
				SWIFT_VERSION = 5.0;
				TARGETED_DEVICE_FAMILY = "1,2";
				TEST_TARGET_NAME = "Calculator SwiftUI";
			};
			name = Debug;
		};
		5170422924B2D49100760C77 /* Release */ = {
			isa = XCBuildConfiguration;
			buildSettings = {
				ALWAYS_EMBED_SWIFT_STANDARD_LIBRARIES = YES;
				CODE_SIGN_STYLE = Automatic;
				INFOPLIST_FILE = "Calculator SwiftUIUITests/Info.plist";
				LD_RUNPATH_SEARCH_PATHS = (
					"$(inherited)",
					"@executable_path/Frameworks",
					"@loader_path/Frameworks",
				);
				PRODUCT_BUNDLE_IDENTIFIER = "studio.digitalcurry.Calculator-SwiftUIUITests";
				PRODUCT_NAME = "$(TARGET_NAME)";
				SWIFT_VERSION = 5.0;
				TARGETED_DEVICE_FAMILY = "1,2";
				TEST_TARGET_NAME = "Calculator SwiftUI";
			};
			name = Release;
		};
/* End XCBuildConfiguration section */

/* Begin XCConfigurationList section */
		517041F224B2D48E00760C77 /* Build configuration list for PBXProject "Calculator SwiftUI" */ = {
			isa = XCConfigurationList;
			buildConfigurations = (
				5170421F24B2D49100760C77 /* Debug */,
				5170422024B2D49100760C77 /* Release */,
			);
			defaultConfigurationIsVisible = 0;
			defaultConfigurationName = Release;
		};
		5170422124B2D49100760C77 /* Build configuration list for PBXNativeTarget "Calculator SwiftUI" */ = {
			isa = XCConfigurationList;
			buildConfigurations = (
				5170422224B2D49100760C77 /* Debug */,
				5170422324B2D49100760C77 /* Release */,
			);
			defaultConfigurationIsVisible = 0;
			defaultConfigurationName = Release;
		};
		5170422424B2D49100760C77 /* Build configuration list for PBXNativeTarget "Calculator SwiftUITests" */ = {
			isa = XCConfigurationList;
			buildConfigurations = (
				5170422524B2D49100760C77 /* Debug */,
				5170422624B2D49100760C77 /* Release */,
			);
			defaultConfigurationIsVisible = 0;
			defaultConfigurationName = Release;
		};
		5170422724B2D49100760C77 /* Build configuration list for PBXNativeTarget "Calculator SwiftUIUITests" */ = {
			isa = XCConfigurationList;
			buildConfigurations = (
				5170422824B2D49100760C77 /* Debug */,
				5170422924B2D49100760C77 /* Release */,
			);
			defaultConfigurationIsVisible = 0;
			defaultConfigurationName = Release;
		};
/* End XCConfigurationList section */
	};
	rootObject = 517041EF24B2D48E00760C77 /* Project object */;
}
